
Microsoft Visual Studio Solution File, Format Version 12.00
# Visual Studio 15
VisualStudioVersion = 15.0.28307.421
MinimumVisualStudioVersion = 10.0.40219.1
Project("{9A19103F-16F7-4668-BE54-9A1E7A4F7556}") = "Features", "Features\Features.csproj", "{FD654A7C-280D-4725-B802-9572B80700B7}"
EndProject
Project("{FAE04EC0-301F-11D3-BF4B-00C04F79EFBC}") = "Queries", "Queries\Queries.csproj", "{8ABA2A71-B9D0-48D1-9606-CDA822C03E13}"
EndProject
Global
	GlobalSection(SolutionConfigurationPlatforms) = preSolution
		Debug|Any CPU = Debug|Any CPU
		Release|Any CPU = Release|Any CPU
	EndGlobalSection
	GlobalSection(ProjectConfigurationPlatforms) = postSolution
		{FD654A7C-280D-4725-B802-9572B80700B7}.Debug|Any CPU.ActiveCfg = Debug|Any CPU
		{FD654A7C-280D-4725-B802-9572B80700B7}.Debug|Any CPU.Build.0 = Debug|Any CPU
		{FD654A7C-280D-4725-B802-9572B80700B7}.Release|Any CPU.ActiveCfg = Release|Any CPU
		{FD654A7C-280D-4725-B802-9572B80700B7}.Release|Any CPU.Build.0 = Release|Any CPU
		{8ABA2A71-B9D0-48D1-9606-CDA822C03E13}.Debug|Any CPU.ActiveCfg = Debug|Any CPU
		{8ABA2A71-B9D0-48D1-9606-CDA822C03E13}.Debug|Any CPU.Build.0 = Debug|Any CPU
		{8ABA2A71-B9D0-48D1-9606-CDA822C03E13}.Release|Any CPU.ActiveCfg = Release|Any CPU
		{8ABA2A71-B9D0-48D1-9606-CDA822C03E13}.Release|Any CPU.Build.0 = Release|Any CPU
	EndGlobalSection
	GlobalSection(SolutionProperties) = preSolution
		HideSolutionNode = FALSE
	EndGlobalSection
	GlobalSection(ExtensibilityGlobals) = postSolution
		SolutionGuid = {F0F070F8-FF27-40E5-845B-A9D78A662CCD}
	EndGlobalSection
EndGlobal
